{
  "dependencies": {
    "execSync": {
      "version": "1.0.2",
      "dependencies": {
        "temp": {
          "version": "0.5.1",
          "dependencies": {
            "rimraf": {
              "version": "2.1.4",
              "dependencies": {
                "graceful-fs": {
                  "version": "1.2.3"
                }
              }
            }
          }
        }
      }
    },
    "wrench": {
      "version": "1.5.8"
    }
  }
}
